{
  "nodes": {
    "nixpkgs": {
      "locked": {
        "lastModified": 1734234182,
        "narHash": "sha256-FbJTz/+mH+ENV1pUao+tdpvHSeFJ6vSZxbIFon1DRfA=",
        "owner": "NixOS",
        "repo": "nixpkgs",
        "rev": "b659e7c78d822126eee618ac5d9a09c28d765dad",
        "type": "github"
      },
      "original": {
        "owner": "NixOS",
        "repo": "nixpkgs",
        "type": "github"
      }
    },
    "nixpkgs_2": {
      "locked": {
        "lastModified": 1728538411,
        "narHash": "sha256-f0SBJz1eZ2yOuKUr5CA9BHULGXVSn6miBuUWdTyhUhU=",
        "owner": "NixOS",
        "repo": "nixpkgs",
        "rev": "b69de56fac8c2b6f8fd27f2eca01dcda8e0a4221",
        "type": "github"
      },
      "original": {
        "owner": "NixOS",
        "ref": "nixpkgs-unstable",
        "repo": "nixpkgs",
        "type": "github"
      }
    },
    "root": {
      "inputs": {
        "nixpkgs": "nixpkgs",
        "rust-overlay": "rust-overlay"
      }
    },
    "rust-overlay": {
      "inputs": {
        "nixpkgs": "nixpkgs_2"
      },
      "locked": {
        "lastModified": 1734230139,
        "narHash": "sha256-zsp0Mz8VgyIAnU8UhP/YT1g+zlsl+NIJTBMAbY+RifQ=",
        "owner": "oxalica",
        "repo": "rust-overlay",
        "rev": "150fbc8aa2bc501041810bbc1dbfe73694a861be",
        "type": "github"
      },
      "original": {
        "owner": "oxalica",
        "repo": "rust-overlay",
        "type": "github"
      }
    }
  },
  "root": "root",
  "version": 7
}
